
Microsoft Visual Studio Solution File, Format Version 12.00
# Visual Studio Version 17
VisualStudioVersion = 17.14.36414.22 d17.14
MinimumVisualStudioVersion = 10.0.40219.1
Project("{FAE04EC0-301F-11D3-BF4B-00C04F79EFBC}") = "examennnnnn", "examennnnnn\examennnnnn.csproj", "{F9A17591-F7F2-462E-AB11-3424378460F2}"
EndProject
Global
	GlobalSection(SolutionConfigurationPlatforms) = preSolution
		Debug|Any CPU = Debug|Any CPU
		Release|Any CPU = Release|Any CPU
	EndGlobalSection
	GlobalSection(ProjectConfigurationPlatforms) = postSolution
		{F9A17591-F7F2-462E-AB11-3424378460F2}.Debug|Any CPU.ActiveCfg = Debug|Any CPU
		{F9A17591-F7F2-462E-AB11-3424378460F2}.Debug|Any CPU.Build.0 = Debug|Any CPU
		{F9A17591-F7F2-462E-AB11-3424378460F2}.Release|Any CPU.ActiveCfg = Release|Any CPU
		{F9A17591-F7F2-462E-AB11-3424378460F2}.Release|Any CPU.Build.0 = Release|Any CPU
	EndGlobalSection
	GlobalSection(SolutionProperties) = preSolution
		HideSolutionNode = FALSE
	EndGlobalSection
	GlobalSection(ExtensibilityGlobals) = postSolution
		SolutionGuid = {BA2DA94F-23A6-4DEA-9DAC-CD189E4B5DA1}
	EndGlobalSection
EndGlobal
